// !$*UTF8*$!
{
	archiveVersion = 1;
	classes = {
	};
	objectVersion = 55;
	objects = {

/* Begin PBXBuildFile section */
		375C226427CE449E00DC53D6 /* GithubSearcherApp.swift in Sources */ = {isa = PBXBuildFile; fileRef = 375C226327CE449E00DC53D6 /* GithubSearcherApp.swift */; };
		375C226627CE449E00DC53D6 /* ContentView.swift in Sources */ = {isa = PBXBuildFile; fileRef = 375C226527CE449E00DC53D6 /* ContentView.swift */; };
		375C226827CE449F00DC53D6 /* Assets.xcassets in Resources */ = {isa = PBXBuildFile; fileRef = 375C226727CE449F00DC53D6 /* Assets.xcassets */; };
		375C226B27CE449F00DC53D6 /* Preview Assets.xcassets in Resources */ = {isa = PBXBuildFile; fileRef = 375C226A27CE449F00DC53D6 /* Preview Assets.xcassets */; };
		375C226D27CE449F00DC53D6 /* Persistence.swift in Sources */ = {isa = PBXBuildFile; fileRef = 375C226C27CE449F00DC53D6 /* Persistence.swift */; };
		375C227027CE449F00DC53D6 /* GithubSearcher.xcdatamodeld in Sources */ = {isa = PBXBuildFile; fileRef = 375C226E27CE449F00DC53D6 /* GithubSearcher.xcdatamodeld */; };
		375C227A27CE449F00DC53D6 /* GithubSearcherTests.swift in Sources */ = {isa = PBXBuildFile; fileRef = 375C227927CE449F00DC53D6 /* GithubSearcherTests.swift */; };
		375C228427CE449F00DC53D6 /* GithubSearcherUITests.swift in Sources */ = {isa = PBXBuildFile; fileRef = 375C228327CE449F00DC53D6 /* GithubSearcherUITests.swift */; };
		375C228627CE449F00DC53D6 /* GithubSearcherUITestsLaunchTests.swift in Sources */ = {isa = PBXBuildFile; fileRef = 375C228527CE449F00DC53D6 /* GithubSearcherUITestsLaunchTests.swift */; };
/* End PBXBuildFile section */

/* Begin PBXContainerItemProxy section */
		375C227627CE449F00DC53D6 /* PBXContainerItemProxy */ = {
			isa = PBXContainerItemProxy;
			containerPortal = 375C225827CE449E00DC53D6 /* Project object */;
			proxyType = 1;
			remoteGlobalIDString = 375C225F27CE449E00DC53D6;
			remoteInfo = GithubSearcher;
		};
		375C228027CE449F00DC53D6 /* PBXContainerItemProxy */ = {
			isa = PBXContainerItemProxy;
			containerPortal = 375C225827CE449E00DC53D6 /* Project object */;
			proxyType = 1;
			remoteGlobalIDString = 375C225F27CE449E00DC53D6;
			remoteInfo = GithubSearcher;
		};
/* End PBXContainerItemProxy section */

/* Begin PBXFileReference section */
		375C226027CE449E00DC53D6 /* GithubSearcher.app */ = {isa = PBXFileReference; explicitFileType = wrapper.application; includeInIndex = 0; path = GithubSearcher.app; sourceTree = BUILT_PRODUCTS_DIR; };
		375C226327CE449E00DC53D6 /* GithubSearcherApp.swift */ = {isa = PBXFileReference; lastKnownFileType = sourcecode.swift; path = GithubSearcherApp.swift; sourceTree = "<group>"; };
		375C226527CE449E00DC53D6 /* ContentView.swift */ = {isa = PBXFileReference; lastKnownFileType = sourcecode.swift; path = ContentView.swift; sourceTree = "<group>"; };
		375C226727CE449F00DC53D6 /* Assets.xcassets */ = {isa = PBXFileReference; lastKnownFileType = folder.assetcatalog; path = Assets.xcassets; sourceTree = "<group>"; };
		375C226A27CE449F00DC53D6 /* Preview Assets.xcassets */ = {isa = PBXFileReference; lastKnownFileType = folder.assetcatalog; path = "Preview Assets.xcassets"; sourceTree = "<group>"; };
		375C226C27CE449F00DC53D6 /* Persistence.swift */ = {isa = PBXFileReference; lastKnownFileType = sourcecode.swift; path = Persistence.swift; sourceTree = "<group>"; };
		375C226F27CE449F00DC53D6 /* GithubSearcher.xcdatamodel */ = {isa = PBXFileReference; lastKnownFileType = wrapper.xcdatamodel; path = GithubSearcher.xcdatamodel; sourceTree = "<group>"; };
		375C227527CE449F00DC53D6 /* GithubSearcherTests.xctest */ = {isa = PBXFileReference; explicitFileType = wrapper.cfbundle; includeInIndex = 0; path = GithubSearcherTests.xctest; sourceTree = BUILT_PRODUCTS_DIR; };
		375C227927CE449F00DC53D6 /* GithubSearcherTests.swift */ = {isa = PBXFileReference; lastKnownFileType = sourcecode.swift; path = GithubSearcherTests.swift; sourceTree = "<group>"; };
		375C227F27CE449F00DC53D6 /* GithubSearcherUITests.xctest */ = {isa = PBXFileReference; explicitFileType = wrapper.cfbundle; includeInIndex = 0; path = GithubSearcherUITests.xctest; sourceTree = BUILT_PRODUCTS_DIR; };
		375C228327CE449F00DC53D6 /* GithubSearcherUITests.swift */ = {isa = PBXFileReference; lastKnownFileType = sourcecode.swift; path = GithubSearcherUITests.swift; sourceTree = "<group>"; };
		375C228527CE449F00DC53D6 /* GithubSearcherUITestsLaunchTests.swift */ = {isa = PBXFileReference; lastKnownFileType = sourcecode.swift; path = GithubSearcherUITestsLaunchTests.swift; sourceTree = "<group>"; };
/* End PBXFileReference section */

/* Begin PBXFrameworksBuildPhase section */
		375C225D27CE449E00DC53D6 /* Frameworks */ = {
			isa = PBXFrameworksBuildPhase;
			buildActionMask = 2147483647;
			files = (
			);
			runOnlyForDeploymentPostprocessing = 0;
		};
		375C227227CE449F00DC53D6 /* Frameworks */ = {
			isa = PBXFrameworksBuildPhase;
			buildActionMask = 2147483647;
			files = (
			);
			runOnlyForDeploymentPostprocessing = 0;
		};
		375C227C27CE449F00DC53D6 /* Frameworks */ = {
			isa = PBXFrameworksBuildPhase;
			buildActionMask = 2147483647;
			files = (
			);
			runOnlyForDeploymentPostprocessing = 0;
		};
/* End PBXFrameworksBuildPhase section */

/* Begin PBXGroup section */
		375C225727CE449E00DC53D6 = {
			isa = PBXGroup;
			children = (
				375C226227CE449E00DC53D6 /* GithubSearcher */,
				375C227827CE449F00DC53D6 /* GithubSearcherTests */,
				375C228227CE449F00DC53D6 /* GithubSearcherUITests */,
				375C226127CE449E00DC53D6 /* Products */,
			);
			sourceTree = "<group>";
		};
		375C226127CE449E00DC53D6 /* Products */ = {
			isa = PBXGroup;
			children = (
				375C226027CE449E00DC53D6 /* GithubSearcher.app */,
				375C227527CE449F00DC53D6 /* GithubSearcherTests.xctest */,
				375C227F27CE449F00DC53D6 /* GithubSearcherUITests.xctest */,
			);
			name = Products;
			sourceTree = "<group>";
		};
		375C226227CE449E00DC53D6 /* GithubSearcher */ = {
			isa = PBXGroup;
			children = (
				375C226327CE449E00DC53D6 /* GithubSearcherApp.swift */,
				375C226527CE449E00DC53D6 /* ContentView.swift */,
				375C226727CE449F00DC53D6 /* Assets.xcassets */,
				375C226C27CE449F00DC53D6 /* Persistence.swift */,
				375C226E27CE449F00DC53D6 /* GithubSearcher.xcdatamodeld */,
				375C226927CE449F00DC53D6 /* Preview Content */,
			);
			path = GithubSearcher;
			sourceTree = "<group>";
		};
		375C226927CE449F00DC53D6 /* Preview Content */ = {
			isa = PBXGroup;
			children = (
				375C226A27CE449F00DC53D6 /* Preview Assets.xcassets */,
			);
			path = "Preview Content";
			sourceTree = "<group>";
		};
		375C227827CE449F00DC53D6 /* GithubSearcherTests */ = {
			isa = PBXGroup;
			children = (
				375C227927CE449F00DC53D6 /* GithubSearcherTests.swift */,
			);
			path = GithubSearcherTests;
			sourceTree = "<group>";
		};
		375C228227CE449F00DC53D6 /* GithubSearcherUITests */ = {
			isa = PBXGroup;
			children = (
				375C228327CE449F00DC53D6 /* GithubSearcherUITests.swift */,
				375C228527CE449F00DC53D6 /* GithubSearcherUITestsLaunchTests.swift */,
			);
			path = GithubSearcherUITests;
			sourceTree = "<group>";
		};
/* End PBXGroup section */

/* Begin PBXNativeTarget section */
		375C225F27CE449E00DC53D6 /* GithubSearcher */ = {
			isa = PBXNativeTarget;
			buildConfigurationList = 375C228927CE449F00DC53D6 /* Build configuration list for PBXNativeTarget "GithubSearcher" */;
			buildPhases = (
				375C225C27CE449E00DC53D6 /* Sources */,
				375C225D27CE449E00DC53D6 /* Frameworks */,
				375C225E27CE449E00DC53D6 /* Resources */,
			);
			buildRules = (
			);
			dependencies = (
			);
			name = GithubSearcher;
			productName = GithubSearcher;
			productReference = 375C226027CE449E00DC53D6 /* GithubSearcher.app */;
			productType = "com.apple.product-type.application";
		};
		375C227427CE449F00DC53D6 /* GithubSearcherTests */ = {
			isa = PBXNativeTarget;
			buildConfigurationList = 375C228C27CE449F00DC53D6 /* Build configuration list for PBXNativeTarget "GithubSearcherTests" */;
			buildPhases = (
				375C227127CE449F00DC53D6 /* Sources */,
				375C227227CE449F00DC53D6 /* Frameworks */,
				375C227327CE449F00DC53D6 /* Resources */,
			);
			buildRules = (
			);
			dependencies = (
				375C227727CE449F00DC53D6 /* PBXTargetDependency */,
			);
			name = GithubSearcherTests;
			productName = GithubSearcherTests;
			productReference = 375C227527CE449F00DC53D6 /* GithubSearcherTests.xctest */;
			productType = "com.apple.product-type.bundle.unit-test";
		};
		375C227E27CE449F00DC53D6 /* GithubSearcherUITests */ = {
			isa = PBXNativeTarget;
			buildConfigurationList = 375C228F27CE449F00DC53D6 /* Build configuration list for PBXNativeTarget "GithubSearcherUITests" */;
			buildPhases = (
				375C227B27CE449F00DC53D6 /* Sources */,
				375C227C27CE449F00DC53D6 /* Frameworks */,
				375C227D27CE449F00DC53D6 /* Resources */,
			);
			buildRules = (
			);
			dependencies = (
				375C228127CE449F00DC53D6 /* PBXTargetDependency */,
			);
			name = GithubSearcherUITests;
			productName = GithubSearcherUITests;
			productReference = 375C227F27CE449F00DC53D6 /* GithubSearcherUITests.xctest */;
			productType = "com.apple.product-type.bundle.ui-testing";
		};
/* End PBXNativeTarget section */

/* Begin PBXProject section */
		375C225827CE449E00DC53D6 /* Project object */ = {
			isa = PBXProject;
			attributes = {
				BuildIndependentTargetsInParallel = 1;
				LastSwiftUpdateCheck = 1320;
				LastUpgradeCheck = 1320;
				TargetAttributes = {
					375C225F27CE449E00DC53D6 = {
						CreatedOnToolsVersion = 13.2.1;
					};
					375C227427CE449F00DC53D6 = {
						CreatedOnToolsVersion = 13.2.1;
						TestTargetID = 375C225F27CE449E00DC53D6;
					};
					375C227E27CE449F00DC53D6 = {
						CreatedOnToolsVersion = 13.2.1;
						TestTargetID = 375C225F27CE449E00DC53D6;
					};
				};
			};
			buildConfigurationList = 375C225B27CE449E00DC53D6 /* Build configuration list for PBXProject "GithubSearcher" */;
			compatibilityVersion = "Xcode 13.0";
			developmentRegion = en;
			hasScannedForEncodings = 0;
			knownRegions = (
				en,
				Base,
			);
			mainGroup = 375C225727CE449E00DC53D6;
			productRefGroup = 375C226127CE449E00DC53D6 /* Products */;
			projectDirPath = "";
			projectRoot = "";
			targets = (
				375C225F27CE449E00DC53D6 /* GithubSearcher */,
				375C227427CE449F00DC53D6 /* GithubSearcherTests */,
				375C227E27CE449F00DC53D6 /* GithubSearcherUITests */,
			);
		};
/* End PBXProject section */

/* Begin PBXResourcesBuildPhase section */
		375C225E27CE449E00DC53D6 /* Resources */ = {
			isa = PBXResourcesBuildPhase;
			buildActionMask = 2147483647;
			files = (
				375C226B27CE449F00DC53D6 /* Preview Assets.xcassets in Resources */,
				375C226827CE449F00DC53D6 /* Assets.xcassets in Resources */,
			);
			runOnlyForDeploymentPostprocessing = 0;
		};
		375C227327CE449F00DC53D6 /* Resources */ = {
			isa = PBXResourcesBuildPhase;
			buildActionMask = 2147483647;
			files = (
			);
			runOnlyForDeploymentPostprocessing = 0;
		};
		375C227D27CE449F00DC53D6 /* Resources */ = {
			isa = PBXResourcesBuildPhase;
			buildActionMask = 2147483647;
			files = (
			);
			runOnlyForDeploymentPostprocessing = 0;
		};
/* End PBXResourcesBuildPhase section */

/* Begin PBXSourcesBuildPhase section */
		375C225C27CE449E00DC53D6 /* Sources */ = {
			isa = PBXSourcesBuildPhase;
			buildActionMask = 2147483647;
			files = (
				375C226D27CE449F00DC53D6 /* Persistence.swift in Sources */,
				375C226627CE449E00DC53D6 /* ContentView.swift in Sources */,
				375C226427CE449E00DC53D6 /* GithubSearcherApp.swift in Sources */,
				375C227027CE449F00DC53D6 /* GithubSearcher.xcdatamodeld in Sources */,
			);
			runOnlyForDeploymentPostprocessing = 0;
		};
		375C227127CE449F00DC53D6 /* Sources */ = {
			isa = PBXSourcesBuildPhase;
			buildActionMask = 2147483647;
			files = (
				375C227A27CE449F00DC53D6 /* GithubSearcherTests.swift in Sources */,
			);
			runOnlyForDeploymentPostprocessing = 0;
		};
		375C227B27CE449F00DC53D6 /* Sources */ = {
			isa = PBXSourcesBuildPhase;
			buildActionMask = 2147483647;
			files = (
				375C228627CE449F00DC53D6 /* GithubSearcherUITestsLaunchTests.swift in Sources */,
				375C228427CE449F00DC53D6 /* GithubSearcherUITests.swift in Sources */,
			);
			runOnlyForDeploymentPostprocessing = 0;
		};
/* End PBXSourcesBuildPhase section */

/* Begin PBXTargetDependency section */
		375C227727CE449F00DC53D6 /* PBXTargetDependency */ = {
			isa = PBXTargetDependency;
			target = 375C225F27CE449E00DC53D6 /* GithubSearcher */;
			targetProxy = 375C227627CE449F00DC53D6 /* PBXContainerItemProxy */;
		};
		375C228127CE449F00DC53D6 /* PBXTargetDependency */ = {
			isa = PBXTargetDependency;
			target = 375C225F27CE449E00DC53D6 /* GithubSearcher */;
			targetProxy = 375C228027CE449F00DC53D6 /* PBXContainerItemProxy */;
		};
/* End PBXTargetDependency section */

/* Begin XCBuildConfiguration section */
		375C228727CE449F00DC53D6 /* Debug */ = {
			isa = XCBuildConfiguration;
			buildSettings = {
				ALWAYS_SEARCH_USER_PATHS = NO;
				CLANG_ANALYZER_NONNULL = YES;
				CLANG_ANALYZER_NUMBER_OBJECT_CONVERSION = YES_AGGRESSIVE;
				CLANG_CXX_LANGUAGE_STANDARD = "gnu++17";
				CLANG_CXX_LIBRARY = "libc++";
				CLANG_ENABLE_MODULES = YES;
				CLANG_ENABLE_OBJC_ARC = YES;
				CLANG_ENABLE_OBJC_WEAK = YES;
				CLANG_WARN_BLOCK_CAPTURE_AUTORELEASING = YES;
				CLANG_WARN_BOOL_CONVERSION = YES;
				CLANG_WARN_COMMA = YES;
				CLANG_WARN_CONSTANT_CONVERSION = YES;
				CLANG_WARN_DEPRECATED_OBJC_IMPLEMENTATIONS = YES;
				CLANG_WARN_DIRECT_OBJC_ISA_USAGE = YES_ERROR;
				CLANG_WARN_DOCUMENTATION_COMMENTS = YES;
				CLANG_WARN_EMPTY_BODY = YES;
				CLANG_WARN_ENUM_CONVERSION = YES;
				CLANG_WARN_INFINITE_RECURSION = YES;
				CLANG_WARN_INT_CONVERSION = YES;
				CLANG_WARN_NON_LITERAL_NULL_CONVERSION = YES;
				CLANG_WARN_OBJC_IMPLICIT_RETAIN_SELF = YES;
				CLANG_WARN_OBJC_LITERAL_CONVERSION = YES;
				CLANG_WARN_OBJC_ROOT_CLASS = YES_ERROR;
				CLANG_WARN_QUOTED_INCLUDE_IN_FRAMEWORK_HEADER = YES;
				CLANG_WARN_RANGE_LOOP_ANALYSIS = YES;
				CLANG_WARN_STRICT_PROTOTYPES = YES;
				CLANG_WARN_SUSPICIOUS_MOVE = YES;
				CLANG_WARN_UNGUARDED_AVAILABILITY = YES_AGGRESSIVE;
				CLANG_WARN_UNREACHABLE_CODE = YES;
				CLANG_WARN__DUPLICATE_METHOD_MATCH = YES;
				COPY_PHASE_STRIP = NO;
				DEBUG_INFORMATION_FORMAT = dwarf;
				ENABLE_STRICT_OBJC_MSGSEND = YES;
				ENABLE_TESTABILITY = YES;
				GCC_C_LANGUAGE_STANDARD = gnu11;
				GCC_DYNAMIC_NO_PIC = NO;
				GCC_NO_COMMON_BLOCKS = YES;
				GCC_OPTIMIZATION_LEVEL = 0;
				GCC_PREPROCESSOR_DEFINITIONS = (
					"DEBUG=1",
					"$(inherited)",
				);
				GCC_WARN_64_TO_32_BIT_CONVERSION = YES;
				GCC_WARN_ABOUT_RETURN_TYPE = YES_ERROR;
				GCC_WARN_UNDECLARED_SELECTOR = YES;
				GCC_WARN_UNINITIALIZED_AUTOS = YES_AGGRESSIVE;
				GCC_WARN_UNUSED_FUNCTION = YES;
				GCC_WARN_UNUSED_VARIABLE = YES;
				IPHONEOS_DEPLOYMENT_TARGET = 15.2;
				MTL_ENABLE_DEBUG_INFO = INCLUDE_SOURCE;
				MTL_FAST_MATH = YES;
				ONLY_ACTIVE_ARCH = YES;
				SDKROOT = iphoneos;
				SWIFT_ACTIVE_COMPILATION_CONDITIONS = DEBUG;
				SWIFT_OPTIMIZATION_LEVEL = "-Onone";
			};
			name = Debug;
		};
		375C228827CE449F00DC53D6 /* Release */ = {
			isa = XCBuildConfiguration;
			buildSettings = {
				ALWAYS_SEARCH_USER_PATHS = NO;
				CLANG_ANALYZER_NONNULL = YES;
				CLANG_ANALYZER_NUMBER_OBJECT_CONVERSION = YES_AGGRESSIVE;
				CLANG_CXX_LANGUAGE_STANDARD = "gnu++17";
				CLANG_CXX_LIBRARY = "libc++";
				CLANG_ENABLE_MODULES = YES;
				CLANG_ENABLE_OBJC_ARC = YES;
				CLANG_ENABLE_OBJC_WEAK = YES;
				CLANG_WARN_BLOCK_CAPTURE_AUTORELEASING = YES;
				CLANG_WARN_BOOL_CONVERSION = YES;
				CLANG_WARN_COMMA = YES;
				CLANG_WARN_CONSTANT_CONVERSION = YES;
				CLANG_WARN_DEPRECATED_OBJC_IMPLEMENTATIONS = YES;
				CLANG_WARN_DIRECT_OBJC_ISA_USAGE = YES_ERROR;
				CLANG_WARN_DOCUMENTATION_COMMENTS = YES;
				CLANG_WARN_EMPTY_BODY = YES;
				CLANG_WARN_ENUM_CONVERSION = YES;
				CLANG_WARN_INFINITE_RECURSION = YES;
				CLANG_WARN_INT_CONVERSION = YES;
				CLANG_WARN_NON_LITERAL_NULL_CONVERSION = YES;
				CLANG_WARN_OBJC_IMPLICIT_RETAIN_SELF = YES;
				CLANG_WARN_OBJC_LITERAL_CONVERSION = YES;
				CLANG_WARN_OBJC_ROOT_CLASS = YES_ERROR;
				CLANG_WARN_QUOTED_INCLUDE_IN_FRAMEWORK_HEADER = YES;
				CLANG_WARN_RANGE_LOOP_ANALYSIS = YES;
				CLANG_WARN_STRICT_PROTOTYPES = YES;
				CLANG_WARN_SUSPICIOUS_MOVE = YES;
				CLANG_WARN_UNGUARDED_AVAILABILITY = YES_AGGRESSIVE;
				CLANG_WARN_UNREACHABLE_CODE = YES;
				CLANG_WARN__DUPLICATE_METHOD_MATCH = YES;
				COPY_PHASE_STRIP = NO;
				DEBUG_INFORMATION_FORMAT = "dwarf-with-dsym";
				ENABLE_NS_ASSERTIONS = NO;
				ENABLE_STRICT_OBJC_MSGSEND = YES;
				GCC_C_LANGUAGE_STANDARD = gnu11;
				GCC_NO_COMMON_BLOCKS = YES;
				GCC_WARN_64_TO_32_BIT_CONVERSION = YES;
				GCC_WARN_ABOUT_RETURN_TYPE = YES_ERROR;
				GCC_WARN_UNDECLARED_SELECTOR = YES;
				GCC_WARN_UNINITIALIZED_AUTOS = YES_AGGRESSIVE;
				GCC_WARN_UNUSED_FUNCTION = YES;
				GCC_WARN_UNUSED_VARIABLE = YES;
				IPHONEOS_DEPLOYMENT_TARGET = 15.2;
				MTL_ENABLE_DEBUG_INFO = NO;
				MTL_FAST_MATH = YES;
				SDKROOT = iphoneos;
				SWIFT_COMPILATION_MODE = wholemodule;
				SWIFT_OPTIMIZATION_LEVEL = "-O";
				VALIDATE_PRODUCT = YES;
			};
			name = Release;
		};
		375C228A27CE449F00DC53D6 /* Debug */ = {
			isa = XCBuildConfiguration;
			buildSettings = {
				ASSETCATALOG_COMPILER_APPICON_NAME = AppIcon;
				ASSETCATALOG_COMPILER_GLOBAL_ACCENT_COLOR_NAME = AccentColor;
				CODE_SIGN_STYLE = Automatic;
				CURRENT_PROJECT_VERSION = 1;
				DEVELOPMENT_ASSET_PATHS = "\"GithubSearcher/Preview Content\"";
				DEVELOPMENT_TEAM = JACB4GSV36;
				ENABLE_PREVIEWS = YES;
				GENERATE_INFOPLIST_FILE = YES;
				INFOPLIST_KEY_UIApplicationSceneManifest_Generation = YES;
				INFOPLIST_KEY_UIApplicationSupportsIndirectInputEvents = YES;
				INFOPLIST_KEY_UILaunchScreen_Generation = YES;
				INFOPLIST_KEY_UISupportedInterfaceOrientations_iPad = "UIInterfaceOrientationPortrait UIInterfaceOrientationPortraitUpsideDown UIInterfaceOrientationLandscapeLeft UIInterfaceOrientationLandscapeRight";
				INFOPLIST_KEY_UISupportedInterfaceOrientations_iPhone = "UIInterfaceOrientationPortrait UIInterfaceOrientationLandscapeLeft UIInterfaceOrientationLandscapeRight";
				LD_RUNPATH_SEARCH_PATHS = (
					"$(inherited)",
					"@executable_path/Frameworks",
				);
				MARKETING_VERSION = 1.0;
				PRODUCT_BUNDLE_IDENTIFIER = com.matsue.GithubSearcher;
				PRODUCT_NAME = "$(TARGET_NAME)";
				SWIFT_EMIT_LOC_STRINGS = YES;
				SWIFT_VERSION = 5.0;
				TARGETED_DEVICE_FAMILY = "1,2";
			};
			name = Debug;
		};
		375C228B27CE449F00DC53D6 /* Release */ = {
			isa = XCBuildConfiguration;
			buildSettings = {
				ASSETCATALOG_COMPILER_APPICON_NAME = AppIcon;
				ASSETCATALOG_COMPILER_GLOBAL_ACCENT_COLOR_NAME = AccentColor;
				CODE_SIGN_STYLE = Automatic;
				CURRENT_PROJECT_VERSION = 1;
				DEVELOPMENT_ASSET_PATHS = "\"GithubSearcher/Preview Content\"";
				DEVELOPMENT_TEAM = JACB4GSV36;
				ENABLE_PREVIEWS = YES;
				GENERATE_INFOPLIST_FILE = YES;
				INFOPLIST_KEY_UIApplicationSceneManifest_Generation = YES;
				INFOPLIST_KEY_UIApplicationSupportsIndirectInputEvents = YES;
				INFOPLIST_KEY_UILaunchScreen_Generation = YES;
				INFOPLIST_KEY_UISupportedInterfaceOrientations_iPad = "UIInterfaceOrientationPortrait UIInterfaceOrientationPortraitUpsideDown UIInterfaceOrientationLandscapeLeft UIInterfaceOrientationLandscapeRight";
				INFOPLIST_KEY_UISupportedInterfaceOrientations_iPhone = "UIInterfaceOrientationPortrait UIInterfaceOrientationLandscapeLeft UIInterfaceOrientationLandscapeRight";
				LD_RUNPATH_SEARCH_PATHS = (
					"$(inherited)",
					"@executable_path/Frameworks",
				);
				MARKETING_VERSION = 1.0;
				PRODUCT_BUNDLE_IDENTIFIER = com.matsue.GithubSearcher;
				PRODUCT_NAME = "$(TARGET_NAME)";
				SWIFT_EMIT_LOC_STRINGS = YES;
				SWIFT_VERSION = 5.0;
				TARGETED_DEVICE_FAMILY = "1,2";
			};
			name = Release;
		};
		375C228D27CE449F00DC53D6 /* Debug */ = {
			isa = XCBuildConfiguration;
			buildSettings = {
				ALWAYS_EMBED_SWIFT_STANDARD_LIBRARIES = YES;
				BUNDLE_LOADER = "$(TEST_HOST)";
				CODE_SIGN_STYLE = Automatic;
				CURRENT_PROJECT_VERSION = 1;
				DEVELOPMENT_TEAM = JACB4GSV36;
				GENERATE_INFOPLIST_FILE = YES;
				IPHONEOS_DEPLOYMENT_TARGET = 15.2;
				MARKETING_VERSION = 1.0;
				PRODUCT_BUNDLE_IDENTIFIER = com.matsue.GithubSearcherTests;
				PRODUCT_NAME = "$(TARGET_NAME)";
				SWIFT_EMIT_LOC_STRINGS = NO;
				SWIFT_VERSION = 5.0;
				TARGETED_DEVICE_FAMILY = "1,2";
				TEST_HOST = "$(BUILT_PRODUCTS_DIR)/GithubSearcher.app/GithubSearcher";
			};
			name = Debug;
		};
		375C228E27CE449F00DC53D6 /* Release */ = {
			isa = XCBuildConfiguration;
			buildSettings = {
				ALWAYS_EMBED_SWIFT_STANDARD_LIBRARIES = YES;
				BUNDLE_LOADER = "$(TEST_HOST)";
				CODE_SIGN_STYLE = Automatic;
				CURRENT_PROJECT_VERSION = 1;
				DEVELOPMENT_TEAM = JACB4GSV36;
				GENERATE_INFOPLIST_FILE = YES;
				IPHONEOS_DEPLOYMENT_TARGET = 15.2;
				MARKETING_VERSION = 1.0;
				PRODUCT_BUNDLE_IDENTIFIER = com.matsue.GithubSearcherTests;
				PRODUCT_NAME = "$(TARGET_NAME)";
				SWIFT_EMIT_LOC_STRINGS = NO;
				SWIFT_VERSION = 5.0;
				TARGETED_DEVICE_FAMILY = "1,2";
				TEST_HOST = "$(BUILT_PRODUCTS_DIR)/GithubSearcher.app/GithubSearcher";
			};
			name = Release;
		};
		375C229027CE449F00DC53D6 /* Debug */ = {
			isa = XCBuildConfiguration;
			buildSettings = {
				ALWAYS_EMBED_SWIFT_STANDARD_LIBRARIES = YES;
				CODE_SIGN_STYLE = Automatic;
				CURRENT_PROJECT_VERSION = 1;
				DEVELOPMENT_TEAM = JACB4GSV36;
				GENERATE_INFOPLIST_FILE = YES;
				MARKETING_VERSION = 1.0;
				PRODUCT_BUNDLE_IDENTIFIER = com.matsue.GithubSearcherUITests;
				PRODUCT_NAME = "$(TARGET_NAME)";
				SWIFT_EMIT_LOC_STRINGS = NO;
				SWIFT_VERSION = 5.0;
				TARGETED_DEVICE_FAMILY = "1,2";
				TEST_TARGET_NAME = GithubSearcher;
			};
			name = Debug;
		};
		375C229127CE449F00DC53D6 /* Release */ = {
			isa = XCBuildConfiguration;
			buildSettings = {
				ALWAYS_EMBED_SWIFT_STANDARD_LIBRARIES = YES;
				CODE_SIGN_STYLE = Automatic;
				CURRENT_PROJECT_VERSION = 1;
				DEVELOPMENT_TEAM = JACB4GSV36;
				GENERATE_INFOPLIST_FILE = YES;
				MARKETING_VERSION = 1.0;
				PRODUCT_BUNDLE_IDENTIFIER = com.matsue.GithubSearcherUITests;
				PRODUCT_NAME = "$(TARGET_NAME)";
				SWIFT_EMIT_LOC_STRINGS = NO;
				SWIFT_VERSION = 5.0;
				TARGETED_DEVICE_FAMILY = "1,2";
				TEST_TARGET_NAME = GithubSearcher;
			};
			name = Release;
		};
/* End XCBuildConfiguration section */

/* Begin XCConfigurationList section */
		375C225B27CE449E00DC53D6 /* Build configuration list for PBXProject "GithubSearcher" */ = {
			isa = XCConfigurationList;
			buildConfigurations = (
				375C228727CE449F00DC53D6 /* Debug */,
				375C228827CE449F00DC53D6 /* Release */,
			);
			defaultConfigurationIsVisible = 0;
			defaultConfigurationName = Release;
		};
		375C228927CE449F00DC53D6 /* Build configuration list for PBXNativeTarget "GithubSearcher" */ = {
			isa = XCConfigurationList;
			buildConfigurations = (
				375C228A27CE449F00DC53D6 /* Debug */,
				375C228B27CE449F00DC53D6 /* Release */,
			);
			defaultConfigurationIsVisible = 0;
			defaultConfigurationName = Release;
		};
		375C228C27CE449F00DC53D6 /* Build configuration list for PBXNativeTarget "GithubSearcherTests" */ = {
			isa = XCConfigurationList;
			buildConfigurations = (
				375C228D27CE449F00DC53D6 /* Debug */,
				375C228E27CE449F00DC53D6 /* Release */,
			);
			defaultConfigurationIsVisible = 0;
			defaultConfigurationName = Release;
		};
		375C228F27CE449F00DC53D6 /* Build configuration list for PBXNativeTarget "GithubSearcherUITests" */ = {
			isa = XCConfigurationList;
			buildConfigurations = (
				375C229027CE449F00DC53D6 /* Debug */,
				375C229127CE449F00DC53D6 /* Release */,
			);
			defaultConfigurationIsVisible = 0;
			defaultConfigurationName = Release;
		};
/* End XCConfigurationList section */

/* Begin XCVersionGroup section */
		375C226E27CE449F00DC53D6 /* GithubSearcher.xcdatamodeld */ = {
			isa = XCVersionGroup;
			children = (
				375C226F27CE449F00DC53D6 /* GithubSearcher.xcdatamodel */,
			);
			currentVersion = 375C226F27CE449F00DC53D6 /* GithubSearcher.xcdatamodel */;
			path = GithubSearcher.xcdatamodeld;
			sourceTree = "<group>";
			versionGroupType = wrapper.xcdatamodel;
		};
/* End XCVersionGroup section */
	};
	rootObject = 375C225827CE449E00DC53D6 /* Project object */;
}
